
Microsoft Visual Studio Solution File, Format Version 12.00
# Visual Studio Version 17
VisualStudioVersion = 17.11.35312.102
MinimumVisualStudioVersion = 10.0.40219.1
Project("{9A19103F-16F7-4668-BE54-9A1E7A4F7556}") = "BulkyWeb", "BulkyWeb\BulkyWeb.csproj", "{2D34F581-C31C-4D47-B1DB-CE81832A9431}"
EndProject
Project("{9A19103F-16F7-4668-BE54-9A1E7A4F7556}") = "BulkyWebRazor_Temp", "BulkyWebRazor_Temp\BulkyWebRazor_Temp.csproj", "{7E20A6E4-D348-471C-97D0-03E203F327DE}"
EndProject
Global
	GlobalSection(SolutionConfigurationPlatforms) = preSolution
		Debug|Any CPU = Debug|Any CPU
		Release|Any CPU = Release|Any CPU
	EndGlobalSection
	GlobalSection(ProjectConfigurationPlatforms) = postSolution
		{2D34F581-C31C-4D47-B1DB-CE81832A9431}.Debug|Any CPU.ActiveCfg = Debug|Any CPU
		{2D34F581-C31C-4D47-B1DB-CE81832A9431}.Debug|Any CPU.Build.0 = Debug|Any CPU
		{2D34F581-C31C-4D47-B1DB-CE81832A9431}.Release|Any CPU.ActiveCfg = Release|Any CPU
		{2D34F581-C31C-4D47-B1DB-CE81832A9431}.Release|Any CPU.Build.0 = Release|Any CPU
		{7E20A6E4-D348-471C-97D0-03E203F327DE}.Debug|Any CPU.ActiveCfg = Debug|Any CPU
		{7E20A6E4-D348-471C-97D0-03E203F327DE}.Debug|Any CPU.Build.0 = Debug|Any CPU
		{7E20A6E4-D348-471C-97D0-03E203F327DE}.Release|Any CPU.ActiveCfg = Release|Any CPU
		{7E20A6E4-D348-471C-97D0-03E203F327DE}.Release|Any CPU.Build.0 = Release|Any CPU
	EndGlobalSection
	GlobalSection(SolutionProperties) = preSolution
		HideSolutionNode = FALSE
	EndGlobalSection
	GlobalSection(ExtensibilityGlobals) = postSolution
		SolutionGuid = {3F33B41C-4DFD-409B-BC4A-B44A24DB323A}
	EndGlobalSection
EndGlobal
